// !$*UTF8*$!
{
	archiveVersion = 1;
	classes = {
	};
	objectVersion = 46;
	objects = {

/* Begin PBXBuildFile section */
		5021111C1DA85A3300677174 /* AppDelegate.swift in Sources */ = {isa = PBXBuildFile; fileRef = 5021111B1DA85A3300677174 /* AppDelegate.swift */; };
		5021111E1DA85A3300677174 /* ViewController.swift in Sources */ = {isa = PBXBuildFile; fileRef = 5021111D1DA85A3300677174 /* ViewController.swift */; };
		502111211DA85A3300677174 /* Main.storyboard in Resources */ = {isa = PBXBuildFile; fileRef = 5021111F1DA85A3300677174 /* Main.storyboard */; };
		502111241DA85A3300677174 /* HarveyChuiDoctorProject.xcdatamodeld in Sources */ = {isa = PBXBuildFile; fileRef = 502111221DA85A3300677174 /* HarveyChuiDoctorProject.xcdatamodeld */; };
		502111261DA85A3300677174 /* Assets.xcassets in Resources */ = {isa = PBXBuildFile; fileRef = 502111251DA85A3300677174 /* Assets.xcassets */; };
		502111291DA85A3300677174 /* LaunchScreen.storyboard in Resources */ = {isa = PBXBuildFile; fileRef = 502111271DA85A3300677174 /* LaunchScreen.storyboard */; };
		502111341DA85A3300677174 /* HarveyChuiDoctorProjectTests.swift in Sources */ = {isa = PBXBuildFile; fileRef = 502111331DA85A3300677174 /* HarveyChuiDoctorProjectTests.swift */; };
		5021113F1DA85A3300677174 /* HarveyChuiDoctorProjectUITests.swift in Sources */ = {isa = PBXBuildFile; fileRef = 5021113E1DA85A3300677174 /* HarveyChuiDoctorProjectUITests.swift */; };
/* End PBXBuildFile section */

/* Begin PBXContainerItemProxy section */
		502111301DA85A3300677174 /* PBXContainerItemProxy */ = {
			isa = PBXContainerItemProxy;
			containerPortal = 502111101DA85A3200677174 /* Project object */;
			proxyType = 1;
			remoteGlobalIDString = 502111171DA85A3200677174;
			remoteInfo = HarveyChuiDoctorProject;
		};
		5021113B1DA85A3300677174 /* PBXContainerItemProxy */ = {
			isa = PBXContainerItemProxy;
			containerPortal = 502111101DA85A3200677174 /* Project object */;
			proxyType = 1;
			remoteGlobalIDString = 502111171DA85A3200677174;
			remoteInfo = HarveyChuiDoctorProject;
		};
/* End PBXContainerItemProxy section */

/* Begin PBXFileReference section */
		502111181DA85A3200677174 /* HarveyChuiDoctorProject.app */ = {isa = PBXFileReference; explicitFileType = wrapper.application; includeInIndex = 0; path = HarveyChuiDoctorProject.app; sourceTree = BUILT_PRODUCTS_DIR; };
		5021111B1DA85A3300677174 /* AppDelegate.swift */ = {isa = PBXFileReference; lastKnownFileType = sourcecode.swift; path = AppDelegate.swift; sourceTree = "<group>"; };
		5021111D1DA85A3300677174 /* ViewController.swift */ = {isa = PBXFileReference; lastKnownFileType = sourcecode.swift; path = ViewController.swift; sourceTree = "<group>"; };
		502111201DA85A3300677174 /* Base */ = {isa = PBXFileReference; lastKnownFileType = file.storyboard; name = Base; path = Base.lproj/Main.storyboard; sourceTree = "<group>"; };
		502111231DA85A3300677174 /* HarveyChuiDoctorProject.xcdatamodel */ = {isa = PBXFileReference; lastKnownFileType = wrapper.xcdatamodel; path = HarveyChuiDoctorProject.xcdatamodel; sourceTree = "<group>"; };
		502111251DA85A3300677174 /* Assets.xcassets */ = {isa = PBXFileReference; lastKnownFileType = folder.assetcatalog; path = Assets.xcassets; sourceTree = "<group>"; };
		502111281DA85A3300677174 /* Base */ = {isa = PBXFileReference; lastKnownFileType = file.storyboard; name = Base; path = Base.lproj/LaunchScreen.storyboard; sourceTree = "<group>"; };
		5021112A1DA85A3300677174 /* Info.plist */ = {isa = PBXFileReference; lastKnownFileType = text.plist.xml; path = Info.plist; sourceTree = "<group>"; };
		5021112F1DA85A3300677174 /* HarveyChuiDoctorProjectTests.xctest */ = {isa = PBXFileReference; explicitFileType = wrapper.cfbundle; includeInIndex = 0; path = HarveyChuiDoctorProjectTests.xctest; sourceTree = BUILT_PRODUCTS_DIR; };
		502111331DA85A3300677174 /* HarveyChuiDoctorProjectTests.swift */ = {isa = PBXFileReference; lastKnownFileType = sourcecode.swift; path = HarveyChuiDoctorProjectTests.swift; sourceTree = "<group>"; };
		502111351DA85A3300677174 /* Info.plist */ = {isa = PBXFileReference; lastKnownFileType = text.plist.xml; path = Info.plist; sourceTree = "<group>"; };
		5021113A1DA85A3300677174 /* HarveyChuiDoctorProjectUITests.xctest */ = {isa = PBXFileReference; explicitFileType = wrapper.cfbundle; includeInIndex = 0; path = HarveyChuiDoctorProjectUITests.xctest; sourceTree = BUILT_PRODUCTS_DIR; };
		5021113E1DA85A3300677174 /* HarveyChuiDoctorProjectUITests.swift */ = {isa = PBXFileReference; lastKnownFileType = sourcecode.swift; path = HarveyChuiDoctorProjectUITests.swift; sourceTree = "<group>"; };
		502111401DA85A3300677174 /* Info.plist */ = {isa = PBXFileReference; lastKnownFileType = text.plist.xml; path = Info.plist; sourceTree = "<group>"; };
/* End PBXFileReference section */

/* Begin PBXFrameworksBuildPhase section */
		502111151DA85A3200677174 /* Frameworks */ = {
			isa = PBXFrameworksBuildPhase;
			buildActionMask = 2147483647;
			files = (
			);
			runOnlyForDeploymentPostprocessing = 0;
		};
		5021112C1DA85A3300677174 /* Frameworks */ = {
			isa = PBXFrameworksBuildPhase;
			buildActionMask = 2147483647;
			files = (
			);
			runOnlyForDeploymentPostprocessing = 0;
		};
		502111371DA85A3300677174 /* Frameworks */ = {
			isa = PBXFrameworksBuildPhase;
			buildActionMask = 2147483647;
			files = (
			);
			runOnlyForDeploymentPostprocessing = 0;
		};
/* End PBXFrameworksBuildPhase section */

/* Begin PBXGroup section */
		5021110F1DA85A3200677174 = {
			isa = PBXGroup;
			children = (
				5021111A1DA85A3200677174 /* HarveyChuiDoctorProject */,
				502111321DA85A3300677174 /* HarveyChuiDoctorProjectTests */,
				5021113D1DA85A3300677174 /* HarveyChuiDoctorProjectUITests */,
				502111191DA85A3200677174 /* Products */,
			);
			sourceTree = "<group>";
		};
		502111191DA85A3200677174 /* Products */ = {
			isa = PBXGroup;
			children = (
				502111181DA85A3200677174 /* HarveyChuiDoctorProject.app */,
				5021112F1DA85A3300677174 /* HarveyChuiDoctorProjectTests.xctest */,
				5021113A1DA85A3300677174 /* HarveyChuiDoctorProjectUITests.xctest */,
			);
			name = Products;
			sourceTree = "<group>";
		};
		5021111A1DA85A3200677174 /* HarveyChuiDoctorProject */ = {
			isa = PBXGroup;
			children = (
				5021111B1DA85A3300677174 /* AppDelegate.swift */,
				5021111D1DA85A3300677174 /* ViewController.swift */,
				5021111F1DA85A3300677174 /* Main.storyboard */,
				502111251DA85A3300677174 /* Assets.xcassets */,
				502111271DA85A3300677174 /* LaunchScreen.storyboard */,
				5021112A1DA85A3300677174 /* Info.plist */,
				502111221DA85A3300677174 /* HarveyChuiDoctorProject.xcdatamodeld */,
			);
			path = HarveyChuiDoctorProject;
			sourceTree = "<group>";
		};
		502111321DA85A3300677174 /* HarveyChuiDoctorProjectTests */ = {
			isa = PBXGroup;
			children = (
				502111331DA85A3300677174 /* HarveyChuiDoctorProjectTests.swift */,
				502111351DA85A3300677174 /* Info.plist */,
			);
			path = HarveyChuiDoctorProjectTests;
			sourceTree = "<group>";
		};
		5021113D1DA85A3300677174 /* HarveyChuiDoctorProjectUITests */ = {
			isa = PBXGroup;
			children = (
				5021113E1DA85A3300677174 /* HarveyChuiDoctorProjectUITests.swift */,
				502111401DA85A3300677174 /* Info.plist */,
			);
			path = HarveyChuiDoctorProjectUITests;
			sourceTree = "<group>";
		};
/* End PBXGroup section */

/* Begin PBXNativeTarget section */
		502111171DA85A3200677174 /* HarveyChuiDoctorProject */ = {
			isa = PBXNativeTarget;
			buildConfigurationList = 502111431DA85A3300677174 /* Build configuration list for PBXNativeTarget "HarveyChuiDoctorProject" */;
			buildPhases = (
				502111141DA85A3200677174 /* Sources */,
				502111151DA85A3200677174 /* Frameworks */,
				502111161DA85A3200677174 /* Resources */,
			);
			buildRules = (
			);
			dependencies = (
			);
			name = HarveyChuiDoctorProject;
			productName = HarveyChuiDoctorProject;
			productReference = 502111181DA85A3200677174 /* HarveyChuiDoctorProject.app */;
			productType = "com.apple.product-type.application";
		};
		5021112E1DA85A3300677174 /* HarveyChuiDoctorProjectTests */ = {
			isa = PBXNativeTarget;
			buildConfigurationList = 502111461DA85A3300677174 /* Build configuration list for PBXNativeTarget "HarveyChuiDoctorProjectTests" */;
			buildPhases = (
				5021112B1DA85A3300677174 /* Sources */,
				5021112C1DA85A3300677174 /* Frameworks */,
				5021112D1DA85A3300677174 /* Resources */,
			);
			buildRules = (
			);
			dependencies = (
				502111311DA85A3300677174 /* PBXTargetDependency */,
			);
			name = HarveyChuiDoctorProjectTests;
			productName = HarveyChuiDoctorProjectTests;
			productReference = 5021112F1DA85A3300677174 /* HarveyChuiDoctorProjectTests.xctest */;
			productType = "com.apple.product-type.bundle.unit-test";
		};
		502111391DA85A3300677174 /* HarveyChuiDoctorProjectUITests */ = {
			isa = PBXNativeTarget;
			buildConfigurationList = 502111491DA85A3300677174 /* Build configuration list for PBXNativeTarget "HarveyChuiDoctorProjectUITests" */;
			buildPhases = (
				502111361DA85A3300677174 /* Sources */,
				502111371DA85A3300677174 /* Frameworks */,
				502111381DA85A3300677174 /* Resources */,
			);
			buildRules = (
			);
			dependencies = (
				5021113C1DA85A3300677174 /* PBXTargetDependency */,
			);
			name = HarveyChuiDoctorProjectUITests;
			productName = HarveyChuiDoctorProjectUITests;
			productReference = 5021113A1DA85A3300677174 /* HarveyChuiDoctorProjectUITests.xctest */;
			productType = "com.apple.product-type.bundle.ui-testing";
		};
/* End PBXNativeTarget section */

/* Begin PBXProject section */
		502111101DA85A3200677174 /* Project object */ = {
			isa = PBXProject;
			attributes = {
				LastSwiftUpdateCheck = 0800;
				LastUpgradeCheck = 0800;
				ORGANIZATIONNAME = "Elliot Young";
				TargetAttributes = {
					502111171DA85A3200677174 = {
						CreatedOnToolsVersion = 8.0;
						ProvisioningStyle = Automatic;
					};
					5021112E1DA85A3300677174 = {
						CreatedOnToolsVersion = 8.0;
						ProvisioningStyle = Automatic;
						TestTargetID = 502111171DA85A3200677174;
					};
					502111391DA85A3300677174 = {
						CreatedOnToolsVersion = 8.0;
						ProvisioningStyle = Automatic;
						TestTargetID = 502111171DA85A3200677174;
					};
				};
			};
			buildConfigurationList = 502111131DA85A3200677174 /* Build configuration list for PBXProject "HarveyChuiDoctorProject" */;
			compatibilityVersion = "Xcode 3.2";
			developmentRegion = English;
			hasScannedForEncodings = 0;
			knownRegions = (
				en,
				Base,
			);
			mainGroup = 5021110F1DA85A3200677174;
			productRefGroup = 502111191DA85A3200677174 /* Products */;
			projectDirPath = "";
			projectRoot = "";
			targets = (
				502111171DA85A3200677174 /* HarveyChuiDoctorProject */,
				5021112E1DA85A3300677174 /* HarveyChuiDoctorProjectTests */,
				502111391DA85A3300677174 /* HarveyChuiDoctorProjectUITests */,
			);
		};
/* End PBXProject section */

/* Begin PBXResourcesBuildPhase section */
		502111161DA85A3200677174 /* Resources */ = {
			isa = PBXResourcesBuildPhase;
			buildActionMask = 2147483647;
			files = (
				502111291DA85A3300677174 /* LaunchScreen.storyboard in Resources */,
				502111261DA85A3300677174 /* Assets.xcassets in Resources */,
				502111211DA85A3300677174 /* Main.storyboard in Resources */,
			);
			runOnlyForDeploymentPostprocessing = 0;
		};
		5021112D1DA85A3300677174 /* Resources */ = {
			isa = PBXResourcesBuildPhase;
			buildActionMask = 2147483647;
			files = (
			);
			runOnlyForDeploymentPostprocessing = 0;
		};
		502111381DA85A3300677174 /* Resources */ = {
			isa = PBXResourcesBuildPhase;
			buildActionMask = 2147483647;
			files = (
			);
			runOnlyForDeploymentPostprocessing = 0;
		};
/* End PBXResourcesBuildPhase section */

/* Begin PBXSourcesBuildPhase section */
		502111141DA85A3200677174 /* Sources */ = {
			isa = PBXSourcesBuildPhase;
			buildActionMask = 2147483647;
			files = (
				5021111E1DA85A3300677174 /* ViewController.swift in Sources */,
				502111241DA85A3300677174 /* HarveyChuiDoctorProject.xcdatamodeld in Sources */,
				5021111C1DA85A3300677174 /* AppDelegate.swift in Sources */,
			);
			runOnlyForDeploymentPostprocessing = 0;
		};
		5021112B1DA85A3300677174 /* Sources */ = {
			isa = PBXSourcesBuildPhase;
			buildActionMask = 2147483647;
			files = (
				502111341DA85A3300677174 /* HarveyChuiDoctorProjectTests.swift in Sources */,
			);
			runOnlyForDeploymentPostprocessing = 0;
		};
		502111361DA85A3300677174 /* Sources */ = {
			isa = PBXSourcesBuildPhase;
			buildActionMask = 2147483647;
			files = (
				5021113F1DA85A3300677174 /* HarveyChuiDoctorProjectUITests.swift in Sources */,
			);
			runOnlyForDeploymentPostprocessing = 0;
		};
/* End PBXSourcesBuildPhase section */

/* Begin PBXTargetDependency section */
		502111311DA85A3300677174 /* PBXTargetDependency */ = {
			isa = PBXTargetDependency;
			target = 502111171DA85A3200677174 /* HarveyChuiDoctorProject */;
			targetProxy = 502111301DA85A3300677174 /* PBXContainerItemProxy */;
		};
		5021113C1DA85A3300677174 /* PBXTargetDependency */ = {
			isa = PBXTargetDependency;
			target = 502111171DA85A3200677174 /* HarveyChuiDoctorProject */;
			targetProxy = 5021113B1DA85A3300677174 /* PBXContainerItemProxy */;
		};
/* End PBXTargetDependency section */

/* Begin PBXVariantGroup section */
		5021111F1DA85A3300677174 /* Main.storyboard */ = {
			isa = PBXVariantGroup;
			children = (
				502111201DA85A3300677174 /* Base */,
			);
			name = Main.storyboard;
			sourceTree = "<group>";
		};
		502111271DA85A3300677174 /* LaunchScreen.storyboard */ = {
			isa = PBXVariantGroup;
			children = (
				502111281DA85A3300677174 /* Base */,
			);
			name = LaunchScreen.storyboard;
			sourceTree = "<group>";
		};
/* End PBXVariantGroup section */

/* Begin XCBuildConfiguration section */
		502111411DA85A3300677174 /* Debug */ = {
			isa = XCBuildConfiguration;
			buildSettings = {
				ALWAYS_SEARCH_USER_PATHS = NO;
				CLANG_ANALYZER_NONNULL = YES;
				CLANG_CXX_LANGUAGE_STANDARD = "gnu++0x";
				CLANG_CXX_LIBRARY = "libc++";
				CLANG_ENABLE_MODULES = YES;
				CLANG_ENABLE_OBJC_ARC = YES;
				CLANG_WARN_BOOL_CONVERSION = YES;
				CLANG_WARN_CONSTANT_CONVERSION = YES;
				CLANG_WARN_DIRECT_OBJC_ISA_USAGE = YES_ERROR;
				CLANG_WARN_DOCUMENTATION_COMMENTS = YES;
				CLANG_WARN_EMPTY_BODY = YES;
				CLANG_WARN_ENUM_CONVERSION = YES;
				CLANG_WARN_INFINITE_RECURSION = YES;
				CLANG_WARN_INT_CONVERSION = YES;
				CLANG_WARN_OBJC_ROOT_CLASS = YES_ERROR;
				CLANG_WARN_SUSPICIOUS_MOVES = YES;
				CLANG_WARN_UNREACHABLE_CODE = YES;
				CLANG_WARN__DUPLICATE_METHOD_MATCH = YES;
				"CODE_SIGN_IDENTITY[sdk=iphoneos*]" = "iPhone Developer";
				COPY_PHASE_STRIP = NO;
				DEBUG_INFORMATION_FORMAT = dwarf;
				ENABLE_STRICT_OBJC_MSGSEND = YES;
				ENABLE_TESTABILITY = YES;
				GCC_C_LANGUAGE_STANDARD = gnu99;
				GCC_DYNAMIC_NO_PIC = NO;
				GCC_NO_COMMON_BLOCKS = YES;
				GCC_OPTIMIZATION_LEVEL = 0;
				GCC_PREPROCESSOR_DEFINITIONS = (
					"DEBUG=1",
					"$(inherited)",
				);
				GCC_WARN_64_TO_32_BIT_CONVERSION = YES;
				GCC_WARN_ABOUT_RETURN_TYPE = YES_ERROR;
				GCC_WARN_UNDECLARED_SELECTOR = YES;
				GCC_WARN_UNINITIALIZED_AUTOS = YES_AGGRESSIVE;
				GCC_WARN_UNUSED_FUNCTION = YES;
				GCC_WARN_UNUSED_VARIABLE = YES;
				IPHONEOS_DEPLOYMENT_TARGET = 10.0;
				MTL_ENABLE_DEBUG_INFO = YES;
				ONLY_ACTIVE_ARCH = YES;
				SDKROOT = iphoneos;
				SWIFT_ACTIVE_COMPILATION_CONDITIONS = DEBUG;
				SWIFT_OPTIMIZATION_LEVEL = "-Onone";
				TARGETED_DEVICE_FAMILY = "1,2";
			};
			name = Debug;
		};
		502111421DA85A3300677174 /* Release */ = {
			isa = XCBuildConfiguration;
			buildSettings = {
				ALWAYS_SEARCH_USER_PATHS = NO;
				CLANG_ANALYZER_NONNULL = YES;
				CLANG_CXX_LANGUAGE_STANDARD = "gnu++0x";
				CLANG_CXX_LIBRARY = "libc++";
				CLANG_ENABLE_MODULES = YES;
				CLANG_ENABLE_OBJC_ARC = YES;
				CLANG_WARN_BOOL_CONVERSION = YES;
				CLANG_WARN_CONSTANT_CONVERSION = YES;
				CLANG_WARN_DIRECT_OBJC_ISA_USAGE = YES_ERROR;
				CLANG_WARN_DOCUMENTATION_COMMENTS = YES;
				CLANG_WARN_EMPTY_BODY = YES;
				CLANG_WARN_ENUM_CONVERSION = YES;
				CLANG_WARN_INFINITE_RECURSION = YES;
				CLANG_WARN_INT_CONVERSION = YES;
				CLANG_WARN_OBJC_ROOT_CLASS = YES_ERROR;
				CLANG_WARN_SUSPICIOUS_MOVES = YES;
				CLANG_WARN_UNREACHABLE_CODE = YES;
				CLANG_WARN__DUPLICATE_METHOD_MATCH = YES;
				"CODE_SIGN_IDENTITY[sdk=iphoneos*]" = "iPhone Developer";
				COPY_PHASE_STRIP = NO;
				DEBUG_INFORMATION_FORMAT = "dwarf-with-dsym";
				ENABLE_NS_ASSERTIONS = NO;
				ENABLE_STRICT_OBJC_MSGSEND = YES;
				GCC_C_LANGUAGE_STANDARD = gnu99;
				GCC_NO_COMMON_BLOCKS = YES;
				GCC_WARN_64_TO_32_BIT_CONVERSION = YES;
				GCC_WARN_ABOUT_RETURN_TYPE = YES_ERROR;
				GCC_WARN_UNDECLARED_SELECTOR = YES;
				GCC_WARN_UNINITIALIZED_AUTOS = YES_AGGRESSIVE;
				GCC_WARN_UNUSED_FUNCTION = YES;
				GCC_WARN_UNUSED_VARIABLE = YES;
				IPHONEOS_DEPLOYMENT_TARGET = 10.0;
				MTL_ENABLE_DEBUG_INFO = NO;
				SDKROOT = iphoneos;
				SWIFT_OPTIMIZATION_LEVEL = "-Owholemodule";
				TARGETED_DEVICE_FAMILY = "1,2";
				VALIDATE_PRODUCT = YES;
			};
			name = Release;
		};
		502111441DA85A3300677174 /* Debug */ = {
			isa = XCBuildConfiguration;
			buildSettings = {
				ASSETCATALOG_COMPILER_APPICON_NAME = AppIcon;
				INFOPLIST_FILE = HarveyChuiDoctorProject/Info.plist;
				LD_RUNPATH_SEARCH_PATHS = "$(inherited) @executable_path/Frameworks";
				PRODUCT_BUNDLE_IDENTIFIER = elliotsyoung.com.HarveyChuiDoctorProject;
				PRODUCT_NAME = "$(TARGET_NAME)";
				SWIFT_VERSION = 3.0;
			};
			name = Debug;
		};
		502111451DA85A3300677174 /* Release */ = {
			isa = XCBuildConfiguration;
			buildSettings = {
				ASSETCATALOG_COMPILER_APPICON_NAME = AppIcon;
				INFOPLIST_FILE = HarveyChuiDoctorProject/Info.plist;
				LD_RUNPATH_SEARCH_PATHS = "$(inherited) @executable_path/Frameworks";
				PRODUCT_BUNDLE_IDENTIFIER = elliotsyoung.com.HarveyChuiDoctorProject;
				PRODUCT_NAME = "$(TARGET_NAME)";
				SWIFT_VERSION = 3.0;
			};
			name = Release;
		};
		502111471DA85A3300677174 /* Debug */ = {
			isa = XCBuildConfiguration;
			buildSettings = {
				ALWAYS_EMBED_SWIFT_STANDARD_LIBRARIES = YES;
				BUNDLE_LOADER = "$(TEST_HOST)";
				INFOPLIST_FILE = HarveyChuiDoctorProjectTests/Info.plist;
				LD_RUNPATH_SEARCH_PATHS = "$(inherited) @executable_path/Frameworks @loader_path/Frameworks";
				PRODUCT_BUNDLE_IDENTIFIER = elliotsyoung.com.HarveyChuiDoctorProjectTests;
				PRODUCT_NAME = "$(TARGET_NAME)";
				SWIFT_VERSION = 3.0;
				TEST_HOST = "$(BUILT_PRODUCTS_DIR)/HarveyChuiDoctorProject.app/HarveyChuiDoctorProject";
			};
			name = Debug;
		};
		502111481DA85A3300677174 /* Release */ = {
			isa = XCBuildConfiguration;
			buildSettings = {
				ALWAYS_EMBED_SWIFT_STANDARD_LIBRARIES = YES;
				BUNDLE_LOADER = "$(TEST_HOST)";
				INFOPLIST_FILE = HarveyChuiDoctorProjectTests/Info.plist;
				LD_RUNPATH_SEARCH_PATHS = "$(inherited) @executable_path/Frameworks @loader_path/Frameworks";
				PRODUCT_BUNDLE_IDENTIFIER = elliotsyoung.com.HarveyChuiDoctorProjectTests;
				PRODUCT_NAME = "$(TARGET_NAME)";
				SWIFT_VERSION = 3.0;
				TEST_HOST = "$(BUILT_PRODUCTS_DIR)/HarveyChuiDoctorProject.app/HarveyChuiDoctorProject";
			};
			name = Release;
		};
		5021114A1DA85A3300677174 /* Debug */ = {
			isa = XCBuildConfiguration;
			buildSettings = {
				ALWAYS_EMBED_SWIFT_STANDARD_LIBRARIES = YES;
				INFOPLIST_FILE = HarveyChuiDoctorProjectUITests/Info.plist;
				LD_RUNPATH_SEARCH_PATHS = "$(inherited) @executable_path/Frameworks @loader_path/Frameworks";
				PRODUCT_BUNDLE_IDENTIFIER = elliotsyoung.com.HarveyChuiDoctorProjectUITests;
				PRODUCT_NAME = "$(TARGET_NAME)";
				SWIFT_VERSION = 3.0;
				TEST_TARGET_NAME = HarveyChuiDoctorProject;
			};
			name = Debug;
		};
		5021114B1DA85A3300677174 /* Release */ = {
			isa = XCBuildConfiguration;
			buildSettings = {
				ALWAYS_EMBED_SWIFT_STANDARD_LIBRARIES = YES;
				INFOPLIST_FILE = HarveyChuiDoctorProjectUITests/Info.plist;
				LD_RUNPATH_SEARCH_PATHS = "$(inherited) @executable_path/Frameworks @loader_path/Frameworks";
				PRODUCT_BUNDLE_IDENTIFIER = elliotsyoung.com.HarveyChuiDoctorProjectUITests;
				PRODUCT_NAME = "$(TARGET_NAME)";
				SWIFT_VERSION = 3.0;
				TEST_TARGET_NAME = HarveyChuiDoctorProject;
			};
			name = Release;
		};
/* End XCBuildConfiguration section */

/* Begin XCConfigurationList section */
		502111131DA85A3200677174 /* Build configuration list for PBXProject "HarveyChuiDoctorProject" */ = {
			isa = XCConfigurationList;
			buildConfigurations = (
				502111411DA85A3300677174 /* Debug */,
				502111421DA85A3300677174 /* Release */,
			);
			defaultConfigurationIsVisible = 0;
			defaultConfigurationName = Release;
		};
		502111431DA85A3300677174 /* Build configuration list for PBXNativeTarget "HarveyChuiDoctorProject" */ = {
			isa = XCConfigurationList;
			buildConfigurations = (
				502111441DA85A3300677174 /* Debug */,
				502111451DA85A3300677174 /* Release */,
			);
			defaultConfigurationIsVisible = 0;
		};
		502111461DA85A3300677174 /* Build configuration list for PBXNativeTarget "HarveyChuiDoctorProjectTests" */ = {
			isa = XCConfigurationList;
			buildConfigurations = (
				502111471DA85A3300677174 /* Debug */,
				502111481DA85A3300677174 /* Release */,
			);
			defaultConfigurationIsVisible = 0;
		};
		502111491DA85A3300677174 /* Build configuration list for PBXNativeTarget "HarveyChuiDoctorProjectUITests" */ = {
			isa = XCConfigurationList;
			buildConfigurations = (
				5021114A1DA85A3300677174 /* Debug */,
				5021114B1DA85A3300677174 /* Release */,
			);
			defaultConfigurationIsVisible = 0;
		};
/* End XCConfigurationList section */

/* Begin XCVersionGroup section */
		502111221DA85A3300677174 /* HarveyChuiDoctorProject.xcdatamodeld */ = {
			isa = XCVersionGroup;
			children = (
				502111231DA85A3300677174 /* HarveyChuiDoctorProject.xcdatamodel */,
			);
			currentVersion = 502111231DA85A3300677174 /* HarveyChuiDoctorProject.xcdatamodel */;
			path = HarveyChuiDoctorProject.xcdatamodeld;
			sourceTree = "<group>";
			versionGroupType = wrapper.xcdatamodel;
		};
/* End XCVersionGroup section */
	};
	rootObject = 502111101DA85A3200677174 /* Project object */;
}
